
Microsoft Visual Studio Solution File, Format Version 12.00
# Visual Studio Version 17
VisualStudioVersion = 17.10.35013.160
MinimumVisualStudioVersion = 10.0.40219.1
Project("{9A19103F-16F7-4668-BE54-9A1E7A4F7556}") = "OKR.Gateway", "OKR.Gateway\OKR.Gateway.csproj", "{3FE61BE1-8C5E-471C-9EF8-E927F68EC572}"
EndProject
Project("{2150E333-8FDC-42A3-9474-1A3956D46DE8}") = "OKR.API", "OKR.API", "{86E209EE-2B25-4CB5-B4B1-6809BD72F162}"
EndProject
Project("{9A19103F-16F7-4668-BE54-9A1E7A4F7556}") = "OKR.API", "OKR.API\OKR.API\OKR.API.csproj", "{A13F23DB-3A1A-4E77-927A-0AA9D4A01A74}"
EndProject
Project("{9A19103F-16F7-4668-BE54-9A1E7A4F7556}") = "OKR.DTO", "OKR.API\OKR.DTO\OKR.DTO.csproj", "{B9E59545-B499-4E29-A7EF-777B7F1FF348}"
EndProject
Project("{9A19103F-16F7-4668-BE54-9A1E7A4F7556}") = "OKR.Models", "OKR.API\OKR.Models\OKR.Models.csproj", "{2B1DC734-F4D5-4C7A-84DF-87B1F58EAF9A}"
EndProject
Project("{9A19103F-16F7-4668-BE54-9A1E7A4F7556}") = "OKR.Repository", "OKR.API\OKR.Repository\OKR.Repository.csproj", "{058AE41D-F9F1-440A-B375-A7942B2DF1F9}"
EndProject
Project("{9A19103F-16F7-4668-BE54-9A1E7A4F7556}") = "OKR.Service", "OKR.API\OKR.Service\OKR.Service.csproj", "{DA1FB8FB-AB1E-4CAD-8CFF-0368095CD1F0}"
EndProject
Project("{9A19103F-16F7-4668-BE54-9A1E7A4F7556}") = "Maynghien.Infrastructure", "Maynghien.Infrastructure\Maynghien.Infrastructure.csproj", "{2F990305-45A9-41AD-9B5B-D870CA82FDAE}"
EndProject
Global
	GlobalSection(SolutionConfigurationPlatforms) = preSolution
		Debug|Any CPU = Debug|Any CPU
		Release|Any CPU = Release|Any CPU
	EndGlobalSection
	GlobalSection(ProjectConfigurationPlatforms) = postSolution
		{3FE61BE1-8C5E-471C-9EF8-E927F68EC572}.Debug|Any CPU.ActiveCfg = Debug|Any CPU
		{3FE61BE1-8C5E-471C-9EF8-E927F68EC572}.Debug|Any CPU.Build.0 = Debug|Any CPU
		{3FE61BE1-8C5E-471C-9EF8-E927F68EC572}.Release|Any CPU.ActiveCfg = Release|Any CPU
		{3FE61BE1-8C5E-471C-9EF8-E927F68EC572}.Release|Any CPU.Build.0 = Release|Any CPU
		{A13F23DB-3A1A-4E77-927A-0AA9D4A01A74}.Debug|Any CPU.ActiveCfg = Debug|Any CPU
		{A13F23DB-3A1A-4E77-927A-0AA9D4A01A74}.Debug|Any CPU.Build.0 = Debug|Any CPU
		{A13F23DB-3A1A-4E77-927A-0AA9D4A01A74}.Release|Any CPU.ActiveCfg = Release|Any CPU
		{A13F23DB-3A1A-4E77-927A-0AA9D4A01A74}.Release|Any CPU.Build.0 = Release|Any CPU
		{B9E59545-B499-4E29-A7EF-777B7F1FF348}.Debug|Any CPU.ActiveCfg = Debug|Any CPU
		{B9E59545-B499-4E29-A7EF-777B7F1FF348}.Debug|Any CPU.Build.0 = Debug|Any CPU
		{B9E59545-B499-4E29-A7EF-777B7F1FF348}.Release|Any CPU.ActiveCfg = Release|Any CPU
		{B9E59545-B499-4E29-A7EF-777B7F1FF348}.Release|Any CPU.Build.0 = Release|Any CPU
		{2B1DC734-F4D5-4C7A-84DF-87B1F58EAF9A}.Debug|Any CPU.ActiveCfg = Debug|Any CPU
		{2B1DC734-F4D5-4C7A-84DF-87B1F58EAF9A}.Debug|Any CPU.Build.0 = Debug|Any CPU
		{2B1DC734-F4D5-4C7A-84DF-87B1F58EAF9A}.Release|Any CPU.ActiveCfg = Release|Any CPU
		{2B1DC734-F4D5-4C7A-84DF-87B1F58EAF9A}.Release|Any CPU.Build.0 = Release|Any CPU
		{058AE41D-F9F1-440A-B375-A7942B2DF1F9}.Debug|Any CPU.ActiveCfg = Debug|Any CPU
		{058AE41D-F9F1-440A-B375-A7942B2DF1F9}.Debug|Any CPU.Build.0 = Debug|Any CPU
		{058AE41D-F9F1-440A-B375-A7942B2DF1F9}.Release|Any CPU.ActiveCfg = Release|Any CPU
		{058AE41D-F9F1-440A-B375-A7942B2DF1F9}.Release|Any CPU.Build.0 = Release|Any CPU
		{DA1FB8FB-AB1E-4CAD-8CFF-0368095CD1F0}.Debug|Any CPU.ActiveCfg = Debug|Any CPU
		{DA1FB8FB-AB1E-4CAD-8CFF-0368095CD1F0}.Debug|Any CPU.Build.0 = Debug|Any CPU
		{DA1FB8FB-AB1E-4CAD-8CFF-0368095CD1F0}.Release|Any CPU.ActiveCfg = Release|Any CPU
		{DA1FB8FB-AB1E-4CAD-8CFF-0368095CD1F0}.Release|Any CPU.Build.0 = Release|Any CPU
		{2F990305-45A9-41AD-9B5B-D870CA82FDAE}.Debug|Any CPU.ActiveCfg = Debug|Any CPU
		{2F990305-45A9-41AD-9B5B-D870CA82FDAE}.Debug|Any CPU.Build.0 = Debug|Any CPU
		{2F990305-45A9-41AD-9B5B-D870CA82FDAE}.Release|Any CPU.ActiveCfg = Release|Any CPU
		{2F990305-45A9-41AD-9B5B-D870CA82FDAE}.Release|Any CPU.Build.0 = Release|Any CPU
	EndGlobalSection
	GlobalSection(SolutionProperties) = preSolution
		HideSolutionNode = FALSE
	EndGlobalSection
	GlobalSection(NestedProjects) = preSolution
		{A13F23DB-3A1A-4E77-927A-0AA9D4A01A74} = {86E209EE-2B25-4CB5-B4B1-6809BD72F162}
		{B9E59545-B499-4E29-A7EF-777B7F1FF348} = {86E209EE-2B25-4CB5-B4B1-6809BD72F162}
		{2B1DC734-F4D5-4C7A-84DF-87B1F58EAF9A} = {86E209EE-2B25-4CB5-B4B1-6809BD72F162}
		{058AE41D-F9F1-440A-B375-A7942B2DF1F9} = {86E209EE-2B25-4CB5-B4B1-6809BD72F162}
		{DA1FB8FB-AB1E-4CAD-8CFF-0368095CD1F0} = {86E209EE-2B25-4CB5-B4B1-6809BD72F162}
	EndGlobalSection
	GlobalSection(ExtensibilityGlobals) = postSolution
		SolutionGuid = {EB6BBDB9-5DA2-4061-9C9F-0B75AD0B726C}
	EndGlobalSection
EndGlobal
