
Microsoft Visual Studio Solution File, Format Version 12.00
# Visual Studio Version 17
VisualStudioVersion = 17.10.35013.160
MinimumVisualStudioVersion = 10.0.40219.1
Project("{2150E333-8FDC-42A3-9474-1A3956D46DE8}") = "OKR.API", "OKR.API", "{51E9B539-941D-4A77-BA88-068D8990B729}"
EndProject
Project("{9A19103F-16F7-4668-BE54-9A1E7A4F7556}") = "OKR.API", "OKR.API\Controllers\OKR.API\OKR.API.csproj", "{1E7D6071-2D5D-4994-A6CB-89D3D3DA95D0}"
EndProject
Project("{2150E333-8FDC-42A3-9474-1A3956D46DE8}") = "Gateway", "Gateway", "{CF858B33-FAD2-4701-BAB4-B168231CE97D}"
EndProject
Project("{9A19103F-16F7-4668-BE54-9A1E7A4F7556}") = "Gateway", "Gateway\Gateway.csproj", "{7E53D2AE-54EA-4EB0-BDEC-32209892919E}"
EndProject
Project("{FAE04EC0-301F-11D3-BF4B-00C04F79EFBC}") = "OKR.Service", "OKR.Service\OKR.Service.csproj", "{7FDE06E3-9549-49D2-973C-18C821924745}"
EndProject
Project("{FAE04EC0-301F-11D3-BF4B-00C04F79EFBC}") = "OKR.Models", "OKR.Models\OKR.Models.csproj", "{F1281A15-C741-479E-82B8-E2BFB1A3986D}"
EndProject
Project("{FAE04EC0-301F-11D3-BF4B-00C04F79EFBC}") = "OKR.Repository", "OKR.Repository\OKR.Repository.csproj", "{A4CBF1C7-2371-405A-BF49-70D34E813D6F}"
EndProject
Project("{FAE04EC0-301F-11D3-BF4B-00C04F79EFBC}") = "OKR.DTO", "OKR.DTO\OKR.DTO.csproj", "{0978C32D-1636-4F7E-B11B-931E613FA122}"
EndProject
Project("{FAE04EC0-301F-11D3-BF4B-00C04F79EFBC}") = "OKR.Common", "OKR.Common\OKR.Common.csproj", "{B81C2ACE-EFAE-4870-A616-804CCB020C2E}"
EndProject
Global
	GlobalSection(SolutionConfigurationPlatforms) = preSolution
		Debug|Any CPU = Debug|Any CPU
		Release|Any CPU = Release|Any CPU
	EndGlobalSection
	GlobalSection(ProjectConfigurationPlatforms) = postSolution
		{1E7D6071-2D5D-4994-A6CB-89D3D3DA95D0}.Debug|Any CPU.ActiveCfg = Debug|Any CPU
		{1E7D6071-2D5D-4994-A6CB-89D3D3DA95D0}.Debug|Any CPU.Build.0 = Debug|Any CPU
		{1E7D6071-2D5D-4994-A6CB-89D3D3DA95D0}.Release|Any CPU.ActiveCfg = Release|Any CPU
		{1E7D6071-2D5D-4994-A6CB-89D3D3DA95D0}.Release|Any CPU.Build.0 = Release|Any CPU
		{7E53D2AE-54EA-4EB0-BDEC-32209892919E}.Debug|Any CPU.ActiveCfg = Debug|Any CPU
		{7E53D2AE-54EA-4EB0-BDEC-32209892919E}.Debug|Any CPU.Build.0 = Debug|Any CPU
		{7E53D2AE-54EA-4EB0-BDEC-32209892919E}.Release|Any CPU.ActiveCfg = Release|Any CPU
		{7E53D2AE-54EA-4EB0-BDEC-32209892919E}.Release|Any CPU.Build.0 = Release|Any CPU
		{7FDE06E3-9549-49D2-973C-18C821924745}.Debug|Any CPU.ActiveCfg = Debug|Any CPU
		{7FDE06E3-9549-49D2-973C-18C821924745}.Debug|Any CPU.Build.0 = Debug|Any CPU
		{7FDE06E3-9549-49D2-973C-18C821924745}.Release|Any CPU.ActiveCfg = Release|Any CPU
		{7FDE06E3-9549-49D2-973C-18C821924745}.Release|Any CPU.Build.0 = Release|Any CPU
		{F1281A15-C741-479E-82B8-E2BFB1A3986D}.Debug|Any CPU.ActiveCfg = Debug|Any CPU
		{F1281A15-C741-479E-82B8-E2BFB1A3986D}.Debug|Any CPU.Build.0 = Debug|Any CPU
		{F1281A15-C741-479E-82B8-E2BFB1A3986D}.Release|Any CPU.ActiveCfg = Release|Any CPU
		{F1281A15-C741-479E-82B8-E2BFB1A3986D}.Release|Any CPU.Build.0 = Release|Any CPU
		{A4CBF1C7-2371-405A-BF49-70D34E813D6F}.Debug|Any CPU.ActiveCfg = Debug|Any CPU
		{A4CBF1C7-2371-405A-BF49-70D34E813D6F}.Debug|Any CPU.Build.0 = Debug|Any CPU
		{A4CBF1C7-2371-405A-BF49-70D34E813D6F}.Release|Any CPU.ActiveCfg = Release|Any CPU
		{A4CBF1C7-2371-405A-BF49-70D34E813D6F}.Release|Any CPU.Build.0 = Release|Any CPU
		{0978C32D-1636-4F7E-B11B-931E613FA122}.Debug|Any CPU.ActiveCfg = Debug|Any CPU
		{0978C32D-1636-4F7E-B11B-931E613FA122}.Debug|Any CPU.Build.0 = Debug|Any CPU
		{0978C32D-1636-4F7E-B11B-931E613FA122}.Release|Any CPU.ActiveCfg = Release|Any CPU
		{0978C32D-1636-4F7E-B11B-931E613FA122}.Release|Any CPU.Build.0 = Release|Any CPU
		{B81C2ACE-EFAE-4870-A616-804CCB020C2E}.Debug|Any CPU.ActiveCfg = Debug|Any CPU
		{B81C2ACE-EFAE-4870-A616-804CCB020C2E}.Debug|Any CPU.Build.0 = Debug|Any CPU
		{B81C2ACE-EFAE-4870-A616-804CCB020C2E}.Release|Any CPU.ActiveCfg = Release|Any CPU
		{B81C2ACE-EFAE-4870-A616-804CCB020C2E}.Release|Any CPU.Build.0 = Release|Any CPU
	EndGlobalSection
	GlobalSection(SolutionProperties) = preSolution
		HideSolutionNode = FALSE
	EndGlobalSection
	GlobalSection(NestedProjects) = preSolution
		{1E7D6071-2D5D-4994-A6CB-89D3D3DA95D0} = {51E9B539-941D-4A77-BA88-068D8990B729}
		{7E53D2AE-54EA-4EB0-BDEC-32209892919E} = {CF858B33-FAD2-4701-BAB4-B168231CE97D}
		{7FDE06E3-9549-49D2-973C-18C821924745} = {51E9B539-941D-4A77-BA88-068D8990B729}
		{F1281A15-C741-479E-82B8-E2BFB1A3986D} = {51E9B539-941D-4A77-BA88-068D8990B729}
		{A4CBF1C7-2371-405A-BF49-70D34E813D6F} = {51E9B539-941D-4A77-BA88-068D8990B729}
		{0978C32D-1636-4F7E-B11B-931E613FA122} = {51E9B539-941D-4A77-BA88-068D8990B729}
		{B81C2ACE-EFAE-4870-A616-804CCB020C2E} = {51E9B539-941D-4A77-BA88-068D8990B729}
	EndGlobalSection
	GlobalSection(ExtensibilityGlobals) = postSolution
		SolutionGuid = {0B7E8F44-DAC2-48EA-9E29-CBF05BB9584C}
	EndGlobalSection
EndGlobal
